
Microsoft Visual Studio Solution File, Format Version 12.00
# Visual Studio Version 18
VisualStudioVersion = 18.6.11806.211
MinimumVisualStudioVersion = 10.0.40219.1
Project("{FAE04EC0-301F-11D3-BF4B-00C04F79EFBC}") = "Flecs.NET.Bindgen", "src\Flecs.NET.Bindgen\Flecs.NET.Bindgen.csproj", "{33F92CFA-5C3E-489C-8FA4-4B5E881091FB}"
EndProject
Project("{FAE04EC0-301F-11D3-BF4B-00C04F79EFBC}") = "Flecs.NET.Bindings", "src\Flecs.NET.Bindings\Flecs.NET.Bindings.csproj", "{A69442C0-A005-4270-B6EB-2970BA58B9F6}"
EndProject
Project("{FAE04EC0-301F-11D3-BF4B-00C04F79EFBC}") = "Flecs.NET.Native", "src\Flecs.NET.Native\Flecs.NET.Native.csproj", "{C20BC4CB-D946-44C1-A003-3236781F650A}"
EndProject
Project("{FAE04EC0-301F-11D3-BF4B-00C04F79EFBC}") = "NoodleStudios.Flecs", "src\NoodleStudios.Flecs\NoodleStudios.Flecs.csproj", "{6D350A9C-827A-45C9-8FF6-DE6084A5434E}"
EndProject
Project("{FAE04EC0-301F-11D3-BF4B-00C04F79EFBC}") = "NoodleStudios.Flecs.Tests", "tests\NoodleStudios.Flecs.Tests\NoodleStudios.Flecs.Tests.csproj", "{14233E71-B751-47A1-B9FD-E5673B9678B4}"
EndProject
Project("{2150E333-8FDC-42A3-9474-1A3956D46DE8}") = "tests", "tests", "{0AB3BF05-4346-4AA6-1389-037BE0695223}"
EndProject
Project("{2150E333-8FDC-42A3-9474-1A3956D46DE8}") = "src", "src", "{827E0CD3-B72D-47B6-A68D-7590B98EB39B}"
EndProject
Project("{FAE04EC0-301F-11D3-BF4B-00C04F79EFBC}") = "NoodleStudios.Flecs.Analyzers", "src\NoodleStudios.Flecs.Analyzers\NoodleStudios.Flecs.Analyzers.csproj", "{59E20C92-4A33-4C94-BBBC-7E532B8EB80E}"
EndProject
Project("{FAE04EC0-301F-11D3-BF4B-00C04F79EFBC}") = "NoodleStudios.Flecs.Analyzers.Tests", "tests\NoodleStudios.Flecs.Analyzers.Tests\NoodleStudios.Flecs.Analyzers.Tests.csproj", "{B1409610-30CD-43EF-8E37-B12131C67BA9}"
EndProject
Global
	GlobalSection(SolutionConfigurationPlatforms) = preSolution
		Debug|Any CPU = Debug|Any CPU
		Debug|x64 = Debug|x64
		Debug|x86 = Debug|x86
		Release|Any CPU = Release|Any CPU
		Release|x64 = Release|x64
		Release|x86 = Release|x86
	EndGlobalSection
	GlobalSection(ProjectConfigurationPlatforms) = postSolution
		{33F92CFA-5C3E-489C-8FA4-4B5E881091FB}.Debug|Any CPU.ActiveCfg = Debug|Any CPU
		{33F92CFA-5C3E-489C-8FA4-4B5E881091FB}.Debug|Any CPU.Build.0 = Debug|Any CPU
		{33F92CFA-5C3E-489C-8FA4-4B5E881091FB}.Debug|x64.ActiveCfg = Debug|Any CPU
		{33F92CFA-5C3E-489C-8FA4-4B5E881091FB}.Debug|x64.Build.0 = Debug|Any CPU
		{33F92CFA-5C3E-489C-8FA4-4B5E881091FB}.Debug|x86.ActiveCfg = Debug|Any CPU
		{33F92CFA-5C3E-489C-8FA4-4B5E881091FB}.Debug|x86.Build.0 = Debug|Any CPU
		{33F92CFA-5C3E-489C-8FA4-4B5E881091FB}.Release|Any CPU.ActiveCfg = Release|Any CPU
		{33F92CFA-5C3E-489C-8FA4-4B5E881091FB}.Release|Any CPU.Build.0 = Release|Any CPU
		{33F92CFA-5C3E-489C-8FA4-4B5E881091FB}.Release|x64.ActiveCfg = Release|Any CPU
		{33F92CFA-5C3E-489C-8FA4-4B5E881091FB}.Release|x64.Build.0 = Release|Any CPU
		{33F92CFA-5C3E-489C-8FA4-4B5E881091FB}.Release|x86.ActiveCfg = Release|Any CPU
		{33F92CFA-5C3E-489C-8FA4-4B5E881091FB}.Release|x86.Build.0 = Release|Any CPU
		{A69442C0-A005-4270-B6EB-2970BA58B9F6}.Debug|Any CPU.ActiveCfg = Debug|Any CPU
		{A69442C0-A005-4270-B6EB-2970BA58B9F6}.Debug|Any CPU.Build.0 = Debug|Any CPU
		{A69442C0-A005-4270-B6EB-2970BA58B9F6}.Debug|x64.ActiveCfg = Debug|Any CPU
		{A69442C0-A005-4270-B6EB-2970BA58B9F6}.Debug|x64.Build.0 = Debug|Any CPU
		{A69442C0-A005-4270-B6EB-2970BA58B9F6}.Debug|x86.ActiveCfg = Debug|Any CPU
		{A69442C0-A005-4270-B6EB-2970BA58B9F6}.Debug|x86.Build.0 = Debug|Any CPU
		{A69442C0-A005-4270-B6EB-2970BA58B9F6}.Release|Any CPU.ActiveCfg = Release|Any CPU
		{A69442C0-A005-4270-B6EB-2970BA58B9F6}.Release|Any CPU.Build.0 = Release|Any CPU
		{A69442C0-A005-4270-B6EB-2970BA58B9F6}.Release|x64.ActiveCfg = Release|Any CPU
		{A69442C0-A005-4270-B6EB-2970BA58B9F6}.Release|x64.Build.0 = Release|Any CPU
		{A69442C0-A005-4270-B6EB-2970BA58B9F6}.Release|x86.ActiveCfg = Release|Any CPU
		{A69442C0-A005-4270-B6EB-2970BA58B9F6}.Release|x86.Build.0 = Release|Any CPU
		{C20BC4CB-D946-44C1-A003-3236781F650A}.Debug|Any CPU.ActiveCfg = Debug|Any CPU
		{C20BC4CB-D946-44C1-A003-3236781F650A}.Debug|Any CPU.Build.0 = Debug|Any CPU
		{C20BC4CB-D946-44C1-A003-3236781F650A}.Debug|x64.ActiveCfg = Debug|Any CPU
		{C20BC4CB-D946-44C1-A003-3236781F650A}.Debug|x64.Build.0 = Debug|Any CPU
		{C20BC4CB-D946-44C1-A003-3236781F650A}.Debug|x86.ActiveCfg = Debug|Any CPU
		{C20BC4CB-D946-44C1-A003-3236781F650A}.Debug|x86.Build.0 = Debug|Any CPU
		{C20BC4CB-D946-44C1-A003-3236781F650A}.Release|Any CPU.ActiveCfg = Release|Any CPU
		{C20BC4CB-D946-44C1-A003-3236781F650A}.Release|Any CPU.Build.0 = Release|Any CPU
		{C20BC4CB-D946-44C1-A003-3236781F650A}.Release|x64.ActiveCfg = Release|Any CPU
		{C20BC4CB-D946-44C1-A003-3236781F650A}.Release|x64.Build.0 = Release|Any CPU
		{C20BC4CB-D946-44C1-A003-3236781F650A}.Release|x86.ActiveCfg = Release|Any CPU
		{C20BC4CB-D946-44C1-A003-3236781F650A}.Release|x86.Build.0 = Release|Any CPU
		{6D350A9C-827A-45C9-8FF6-DE6084A5434E}.Debug|Any CPU.ActiveCfg = Debug|Any CPU
		{6D350A9C-827A-45C9-8FF6-DE6084A5434E}.Debug|Any CPU.Build.0 = Debug|Any CPU
		{6D350A9C-827A-45C9-8FF6-DE6084A5434E}.Debug|x64.ActiveCfg = Debug|Any CPU
		{6D350A9C-827A-45C9-8FF6-DE6084A5434E}.Debug|x64.Build.0 = Debug|Any CPU
		{6D350A9C-827A-45C9-8FF6-DE6084A5434E}.Debug|x86.ActiveCfg = Debug|Any CPU
		{6D350A9C-827A-45C9-8FF6-DE6084A5434E}.Debug|x86.Build.0 = Debug|Any CPU
		{6D350A9C-827A-45C9-8FF6-DE6084A5434E}.Release|Any CPU.ActiveCfg = Release|Any CPU
		{6D350A9C-827A-45C9-8FF6-DE6084A5434E}.Release|Any CPU.Build.0 = Release|Any CPU
		{6D350A9C-827A-45C9-8FF6-DE6084A5434E}.Release|x64.ActiveCfg = Release|Any CPU
		{6D350A9C-827A-45C9-8FF6-DE6084A5434E}.Release|x64.Build.0 = Release|Any CPU
		{6D350A9C-827A-45C9-8FF6-DE6084A5434E}.Release|x86.ActiveCfg = Release|Any CPU
		{6D350A9C-827A-45C9-8FF6-DE6084A5434E}.Release|x86.Build.0 = Release|Any CPU
		{14233E71-B751-47A1-B9FD-E5673B9678B4}.Debug|Any CPU.ActiveCfg = Debug|Any CPU
		{14233E71-B751-47A1-B9FD-E5673B9678B4}.Debug|Any CPU.Build.0 = Debug|Any CPU
		{14233E71-B751-47A1-B9FD-E5673B9678B4}.Debug|x64.ActiveCfg = Debug|Any CPU
		{14233E71-B751-47A1-B9FD-E5673B9678B4}.Debug|x64.Build.0 = Debug|Any CPU
		{14233E71-B751-47A1-B9FD-E5673B9678B4}.Debug|x86.ActiveCfg = Debug|Any CPU
		{14233E71-B751-47A1-B9FD-E5673B9678B4}.Debug|x86.Build.0 = Debug|Any CPU
		{14233E71-B751-47A1-B9FD-E5673B9678B4}.Release|Any CPU.ActiveCfg = Release|Any CPU
		{14233E71-B751-47A1-B9FD-E5673B9678B4}.Release|Any CPU.Build.0 = Release|Any CPU
		{14233E71-B751-47A1-B9FD-E5673B9678B4}.Release|x64.ActiveCfg = Release|Any CPU
		{14233E71-B751-47A1-B9FD-E5673B9678B4}.Release|x64.Build.0 = Release|Any CPU
		{14233E71-B751-47A1-B9FD-E5673B9678B4}.Release|x86.ActiveCfg = Release|Any CPU
		{14233E71-B751-47A1-B9FD-E5673B9678B4}.Release|x86.Build.0 = Release|Any CPU
		{59E20C92-4A33-4C94-BBBC-7E532B8EB80E}.Debug|Any CPU.ActiveCfg = Debug|Any CPU
		{59E20C92-4A33-4C94-BBBC-7E532B8EB80E}.Debug|Any CPU.Build.0 = Debug|Any CPU
		{59E20C92-4A33-4C94-BBBC-7E532B8EB80E}.Debug|x64.ActiveCfg = Debug|Any CPU
		{59E20C92-4A33-4C94-BBBC-7E532B8EB80E}.Debug|x64.Build.0 = Debug|Any CPU
		{59E20C92-4A33-4C94-BBBC-7E532B8EB80E}.Debug|x86.ActiveCfg = Debug|Any CPU
		{59E20C92-4A33-4C94-BBBC-7E532B8EB80E}.Debug|x86.Build.0 = Debug|Any CPU
		{59E20C92-4A33-4C94-BBBC-7E532B8EB80E}.Release|Any CPU.ActiveCfg = Release|Any CPU
		{59E20C92-4A33-4C94-BBBC-7E532B8EB80E}.Release|Any CPU.Build.0 = Release|Any CPU
		{59E20C92-4A33-4C94-BBBC-7E532B8EB80E}.Release|x64.ActiveCfg = Release|Any CPU
		{59E20C92-4A33-4C94-BBBC-7E532B8EB80E}.Release|x64.Build.0 = Release|Any CPU
		{59E20C92-4A33-4C94-BBBC-7E532B8EB80E}.Release|x86.ActiveCfg = Release|Any CPU
		{59E20C92-4A33-4C94-BBBC-7E532B8EB80E}.Release|x86.Build.0 = Release|Any CPU
		{B1409610-30CD-43EF-8E37-B12131C67BA9}.Debug|Any CPU.ActiveCfg = Debug|Any CPU
		{B1409610-30CD-43EF-8E37-B12131C67BA9}.Debug|Any CPU.Build.0 = Debug|Any CPU
		{B1409610-30CD-43EF-8E37-B12131C67BA9}.Debug|x64.ActiveCfg = Debug|Any CPU
		{B1409610-30CD-43EF-8E37-B12131C67BA9}.Debug|x64.Build.0 = Debug|Any CPU
		{B1409610-30CD-43EF-8E37-B12131C67BA9}.Debug|x86.ActiveCfg = Debug|Any CPU
		{B1409610-30CD-43EF-8E37-B12131C67BA9}.Debug|x86.Build.0 = Debug|Any CPU
		{B1409610-30CD-43EF-8E37-B12131C67BA9}.Release|Any CPU.ActiveCfg = Release|Any CPU
		{B1409610-30CD-43EF-8E37-B12131C67BA9}.Release|Any CPU.Build.0 = Release|Any CPU
		{B1409610-30CD-43EF-8E37-B12131C67BA9}.Release|x64.ActiveCfg = Release|Any CPU
		{B1409610-30CD-43EF-8E37-B12131C67BA9}.Release|x64.Build.0 = Release|Any CPU
		{B1409610-30CD-43EF-8E37-B12131C67BA9}.Release|x86.ActiveCfg = Release|Any CPU
		{B1409610-30CD-43EF-8E37-B12131C67BA9}.Release|x86.Build.0 = Release|Any CPU
	EndGlobalSection
	GlobalSection(SolutionProperties) = preSolution
		HideSolutionNode = FALSE
	EndGlobalSection
	GlobalSection(NestedProjects) = preSolution
		{59E20C92-4A33-4C94-BBBC-7E532B8EB80E} = {827E0CD3-B72D-47B6-A68D-7590B98EB39B}
		{B1409610-30CD-43EF-8E37-B12131C67BA9} = {0AB3BF05-4346-4AA6-1389-037BE0695223}
	EndGlobalSection
EndGlobal
